
Microsoft Visual Studio Solution File, Format Version 11.00
# Visual Studio 2010
Project("{FAE04EC0-301F-11D3-BF4B-00C04F79EFBC}") = "ONyR_client", "ONyR_client\ONyR_client.csproj", "{97F3BF25-AF13-49D5-B1DF-CE413DBAB18E}"
	ProjectSection(ProjectDependencies) = postProject
		{0F49FE4B-7AE5-4C94-9BD3-AE2C5D321BB8} = {0F49FE4B-7AE5-4C94-9BD3-AE2C5D321BB8}
	EndProjectSection
EndProject
Project("{E24C65DC-7377-472B-9ABA-BC803B73C61A}") = "ONyRServiceSite", "ONyRServiceSite\", "{0F49FE4B-7AE5-4C94-9BD3-AE2C5D321BB8}"
	ProjectSection(WebsiteProperties) = preProject
		TargetFrameworkMoniker = ".NETFramework,Version%3Dv4.0"
		Debug.AspNetCompiler.VirtualPath = "/ONyRServiceSite"
		Debug.AspNetCompiler.PhysicalPath = "ONyRServiceSite\"
		Debug.AspNetCompiler.TargetPath = "PrecompiledWeb\ONyRServiceSite\"
		Debug.AspNetCompiler.Updateable = "true"
		Debug.AspNetCompiler.ForceOverwrite = "true"
		Debug.AspNetCompiler.FixedNames = "false"
		Debug.AspNetCompiler.Debug = "True"
		Release.AspNetCompiler.VirtualPath = "/ONyRServiceSite"
		Release.AspNetCompiler.PhysicalPath = "ONyRServiceSite\"
		Release.AspNetCompiler.TargetPath = "PrecompiledWeb\ONyRServiceSite\"
		Release.AspNetCompiler.Updateable = "true"
		Release.AspNetCompiler.ForceOverwrite = "true"
		Release.AspNetCompiler.FixedNames = "false"
		Release.AspNetCompiler.Debug = "False"
		VWDPort = "58628"
		DefaultWebSiteLanguage = "Visual C#"
	EndProjectSection
EndProject
Project("{FAE04EC0-301F-11D3-BF4B-00C04F79EFBC}") = "ONyRDataHandlerClassesGenerator", "ONyRDataHandlerClassesGenerator\ONyRDataHandlerClassesGenerator.csproj", "{8A4D4662-54E6-4EC1-A929-8BA91B32050B}"
EndProject
Global
	GlobalSection(SolutionConfigurationPlatforms) = preSolution
		Debug|Any CPU = Debug|Any CPU
		Debug|Mixed Platforms = Debug|Mixed Platforms
		Debug|x86 = Debug|x86
		Release|Any CPU = Release|Any CPU
		Release|Mixed Platforms = Release|Mixed Platforms
		Release|x86 = Release|x86
	EndGlobalSection
	GlobalSection(ProjectConfigurationPlatforms) = postSolution
		{97F3BF25-AF13-49D5-B1DF-CE413DBAB18E}.Debug|Any CPU.ActiveCfg = Debug|x86
		{97F3BF25-AF13-49D5-B1DF-CE413DBAB18E}.Debug|Mixed Platforms.ActiveCfg = Debug|x86
		{97F3BF25-AF13-49D5-B1DF-CE413DBAB18E}.Debug|Mixed Platforms.Build.0 = Debug|x86
		{97F3BF25-AF13-49D5-B1DF-CE413DBAB18E}.Debug|x86.ActiveCfg = Debug|x86
		{97F3BF25-AF13-49D5-B1DF-CE413DBAB18E}.Debug|x86.Build.0 = Debug|x86
		{97F3BF25-AF13-49D5-B1DF-CE413DBAB18E}.Release|Any CPU.ActiveCfg = Release|x86
		{97F3BF25-AF13-49D5-B1DF-CE413DBAB18E}.Release|Mixed Platforms.ActiveCfg = Release|x86
		{97F3BF25-AF13-49D5-B1DF-CE413DBAB18E}.Release|Mixed Platforms.Build.0 = Release|x86
		{97F3BF25-AF13-49D5-B1DF-CE413DBAB18E}.Release|x86.ActiveCfg = Release|x86
		{97F3BF25-AF13-49D5-B1DF-CE413DBAB18E}.Release|x86.Build.0 = Release|x86
		{0F49FE4B-7AE5-4C94-9BD3-AE2C5D321BB8}.Debug|Any CPU.ActiveCfg = Debug|Any CPU
		{0F49FE4B-7AE5-4C94-9BD3-AE2C5D321BB8}.Debug|Any CPU.Build.0 = Debug|Any CPU
		{0F49FE4B-7AE5-4C94-9BD3-AE2C5D321BB8}.Debug|Mixed Platforms.ActiveCfg = Debug|Any CPU
		{0F49FE4B-7AE5-4C94-9BD3-AE2C5D321BB8}.Debug|Mixed Platforms.Build.0 = Debug|Any CPU
		{0F49FE4B-7AE5-4C94-9BD3-AE2C5D321BB8}.Debug|x86.ActiveCfg = Debug|Any CPU
		{0F49FE4B-7AE5-4C94-9BD3-AE2C5D321BB8}.Release|Any CPU.ActiveCfg = Debug|Any CPU
		{0F49FE4B-7AE5-4C94-9BD3-AE2C5D321BB8}.Release|Any CPU.Build.0 = Debug|Any CPU
		{0F49FE4B-7AE5-4C94-9BD3-AE2C5D321BB8}.Release|Mixed Platforms.ActiveCfg = Debug|Any CPU
		{0F49FE4B-7AE5-4C94-9BD3-AE2C5D321BB8}.Release|Mixed Platforms.Build.0 = Debug|Any CPU
		{0F49FE4B-7AE5-4C94-9BD3-AE2C5D321BB8}.Release|x86.ActiveCfg = Debug|Any CPU
		{8A4D4662-54E6-4EC1-A929-8BA91B32050B}.Debug|Any CPU.ActiveCfg = Debug|x86
		{8A4D4662-54E6-4EC1-A929-8BA91B32050B}.Debug|Mixed Platforms.ActiveCfg = Debug|x86
		{8A4D4662-54E6-4EC1-A929-8BA91B32050B}.Debug|Mixed Platforms.Build.0 = Debug|x86
		{8A4D4662-54E6-4EC1-A929-8BA91B32050B}.Debug|x86.ActiveCfg = Debug|x86
		{8A4D4662-54E6-4EC1-A929-8BA91B32050B}.Debug|x86.Build.0 = Debug|x86
		{8A4D4662-54E6-4EC1-A929-8BA91B32050B}.Release|Any CPU.ActiveCfg = Release|x86
		{8A4D4662-54E6-4EC1-A929-8BA91B32050B}.Release|Mixed Platforms.ActiveCfg = Release|x86
		{8A4D4662-54E6-4EC1-A929-8BA91B32050B}.Release|Mixed Platforms.Build.0 = Release|x86
		{8A4D4662-54E6-4EC1-A929-8BA91B32050B}.Release|x86.ActiveCfg = Release|x86
		{8A4D4662-54E6-4EC1-A929-8BA91B32050B}.Release|x86.Build.0 = Release|x86
	EndGlobalSection
	GlobalSection(SolutionProperties) = preSolution
		HideSolutionNode = FALSE
	EndGlobalSection
EndGlobal
